
Microsoft Visual Studio Solution File, Format Version 12.00
# Visual Studio Version 16
VisualStudioVersion = 16.0.30907.101
MinimumVisualStudioVersion = 10.0.40219.1
Project("{9A19103F-16F7-4668-BE54-9A1E7A4F7556}") = "YuzuMarker", "YuzuMarker\YuzuMarker.csproj", "{A55463BE-78C5-4201-BB54-A9529B787001}"
EndProject
Project("{9A19103F-16F7-4668-BE54-9A1E7A4F7556}") = "YuzuMarker.Files", "YuzuMarker.Files\YuzuMarker.Files.csproj", "{780A8AA0-2547-44F4-AB94-179297486A4C}"
EndProject
Project("{FAE04EC0-301F-11D3-BF4B-00C04F79EFBC}") = "YuzuMarker.PhotoshopCOM", "YuzuMarker.PhotoshopCOM\YuzuMarker.PhotoshopCOM.csproj", "{68164CF2-6CE3-469C-B61C-AA0F7D1E96E4}"
EndProject
Global
	GlobalSection(SolutionConfigurationPlatforms) = preSolution
		Debug|Any CPU = Debug|Any CPU
		Release|Any CPU = Release|Any CPU
	EndGlobalSection
	GlobalSection(ProjectConfigurationPlatforms) = postSolution
		{A55463BE-78C5-4201-BB54-A9529B787001}.Debug|Any CPU.ActiveCfg = Debug|Any CPU
		{A55463BE-78C5-4201-BB54-A9529B787001}.Debug|Any CPU.Build.0 = Debug|Any CPU
		{A55463BE-78C5-4201-BB54-A9529B787001}.Release|Any CPU.ActiveCfg = Release|Any CPU
		{A55463BE-78C5-4201-BB54-A9529B787001}.Release|Any CPU.Build.0 = Release|Any CPU
		{780A8AA0-2547-44F4-AB94-179297486A4C}.Debug|Any CPU.ActiveCfg = Debug|Any CPU
		{780A8AA0-2547-44F4-AB94-179297486A4C}.Debug|Any CPU.Build.0 = Debug|Any CPU
		{780A8AA0-2547-44F4-AB94-179297486A4C}.Release|Any CPU.ActiveCfg = Release|Any CPU
		{780A8AA0-2547-44F4-AB94-179297486A4C}.Release|Any CPU.Build.0 = Release|Any CPU
		{68164CF2-6CE3-469C-B61C-AA0F7D1E96E4}.Debug|Any CPU.ActiveCfg = Debug|Any CPU
		{68164CF2-6CE3-469C-B61C-AA0F7D1E96E4}.Debug|Any CPU.Build.0 = Debug|Any CPU
		{68164CF2-6CE3-469C-B61C-AA0F7D1E96E4}.Release|Any CPU.ActiveCfg = Release|Any CPU
		{68164CF2-6CE3-469C-B61C-AA0F7D1E96E4}.Release|Any CPU.Build.0 = Release|Any CPU
	EndGlobalSection
	GlobalSection(SolutionProperties) = preSolution
		HideSolutionNode = FALSE
	EndGlobalSection
	GlobalSection(ExtensibilityGlobals) = postSolution
		SolutionGuid = {00FF1B65-4E1F-4425-9BC4-4FFAE6EA0D7C}
	EndGlobalSection
EndGlobal
