
Microsoft Visual Studio Solution File, Format Version 12.00
# Visual Studio Version 16
VisualStudioVersion = 16.0.30907.101
MinimumVisualStudioVersion = 10.0.40219.1
Project("{9A19103F-16F7-4668-BE54-9A1E7A4F7556}") = "YuzuMarker", "YuzuMarker\YuzuMarker.csproj", "{A55463BE-78C5-4201-BB54-A9529B787001}"
EndProject
Project("{9A19103F-16F7-4668-BE54-9A1E7A4F7556}") = "YuzuMarker.PSBridge.Extension", "YuzuMarker.PSBridge.Extension\YuzuMarker.PSBridge.Extension.csproj", "{82FC5C3B-939E-45A2-A2C4-3CB878EA96F7}"
	ProjectSection(ProjectDependencies) = postProject
		{38638FE2-4AE8-4A31-8AA5-04001577861B} = {38638FE2-4AE8-4A31-8AA5-04001577861B}
	EndProjectSection
EndProject
Project("{9A19103F-16F7-4668-BE54-9A1E7A4F7556}") = "YuzuMarker.PSBridge.COM", "YuzuMarker.PSBridge.COM\YuzuMarker.PSBridge.COM.csproj", "{50A1CD54-3F36-43ED-802E-18D251BDB99C}"
EndProject
Project("{9A19103F-16F7-4668-BE54-9A1E7A4F7556}") = "YuzuMarker.Properties", "YuzuMarker.Properties\YuzuMarker.Properties.csproj", "{38638FE2-4AE8-4A31-8AA5-04001577861B}"
EndProject
Project("{9A19103F-16F7-4668-BE54-9A1E7A4F7556}") = "YuzuMarker.PSBridge", "YuzuMarker.PSBridge\YuzuMarker.PSBridge.csproj", "{321140BA-921D-473E-AAE5-9431C1D60D5A}"
EndProject
Project("{9A19103F-16F7-4668-BE54-9A1E7A4F7556}") = "YuzuMarker.Git", "YuzuMarker.Git\YuzuMarker.Git.csproj", "{CB575B9D-7794-447F-B952-5E06D9E8EC4C}"
EndProject
Project("{9A19103F-16F7-4668-BE54-9A1E7A4F7556}") = "YuzuMarker.DataFormat", "YuzuMarker.DataFormat\YuzuMarker.DataFormat.csproj", "{6876E81F-3FC6-4C1C-9180-6BE9C0A82C31}"
EndProject
Project("{FAE04EC0-301F-11D3-BF4B-00C04F79EFBC}") = "YuzuMarker.App.Android", "YuzuMarker.App\YuzuMarker.App.Android\YuzuMarker.App.Android.csproj", "{5DBA2413-11D7-4E4C-A05D-D8A626AFCEC6}"
EndProject
Project("{FAE04EC0-301F-11D3-BF4B-00C04F79EFBC}") = "YuzuMarker.App.iOS", "YuzuMarker.App\YuzuMarker.App.iOS\YuzuMarker.App.iOS.csproj", "{26735BB9-A019-4012-ADE6-6EF55DEE1838}"
EndProject
Project("{9A19103F-16F7-4668-BE54-9A1E7A4F7556}") = "YuzuMarker.App", "YuzuMarker.App\YuzuMarker.App\YuzuMarker.App.csproj", "{77B560C2-FA84-4B4F-BBA5-FD45C60D8680}"
EndProject
Project("{8BC9CEB8-8B4A-11D0-8D11-00A0C91BC942}") = "YuzuMarker.IPS", "YuzuMarker.IPS\YuzuMarker.IPS.vcxproj", "{3B2A3391-E5E0-407B-8E82-86425E47E8B5}"
EndProject
Project("{FAE04EC0-301F-11D3-BF4B-00C04F79EFBC}") = "YuzuMarker.IPC", "YuzuMarker.IPC\YuzuMarker.IPC.csproj", "{8F3E2A53-D445-4CCA-8850-0083CD016B11}"
EndProject
Global
	GlobalSection(SolutionConfigurationPlatforms) = preSolution
		Debug|Any CPU = Debug|Any CPU
		Debug|iPhone = Debug|iPhone
		Debug|iPhoneSimulator = Debug|iPhoneSimulator
		Debug|x64 = Debug|x64
		Debug|x86 = Debug|x86
		Release|Any CPU = Release|Any CPU
		Release|iPhone = Release|iPhone
		Release|iPhoneSimulator = Release|iPhoneSimulator
		Release|x64 = Release|x64
		Release|x86 = Release|x86
	EndGlobalSection
	GlobalSection(ProjectConfigurationPlatforms) = postSolution
		{A55463BE-78C5-4201-BB54-A9529B787001}.Debug|Any CPU.ActiveCfg = Debug|Any CPU
		{A55463BE-78C5-4201-BB54-A9529B787001}.Debug|Any CPU.Build.0 = Debug|Any CPU
		{A55463BE-78C5-4201-BB54-A9529B787001}.Debug|iPhone.ActiveCfg = Debug|Any CPU
		{A55463BE-78C5-4201-BB54-A9529B787001}.Debug|iPhone.Build.0 = Debug|Any CPU
		{A55463BE-78C5-4201-BB54-A9529B787001}.Debug|iPhoneSimulator.ActiveCfg = Debug|Any CPU
		{A55463BE-78C5-4201-BB54-A9529B787001}.Debug|iPhoneSimulator.Build.0 = Debug|Any CPU
		{A55463BE-78C5-4201-BB54-A9529B787001}.Debug|x64.ActiveCfg = Debug|x64
		{A55463BE-78C5-4201-BB54-A9529B787001}.Debug|x64.Build.0 = Debug|x64
		{A55463BE-78C5-4201-BB54-A9529B787001}.Debug|x86.ActiveCfg = Debug|x86
		{A55463BE-78C5-4201-BB54-A9529B787001}.Debug|x86.Build.0 = Debug|x86
		{A55463BE-78C5-4201-BB54-A9529B787001}.Release|Any CPU.ActiveCfg = Release|Any CPU
		{A55463BE-78C5-4201-BB54-A9529B787001}.Release|Any CPU.Build.0 = Release|Any CPU
		{A55463BE-78C5-4201-BB54-A9529B787001}.Release|iPhone.ActiveCfg = Release|Any CPU
		{A55463BE-78C5-4201-BB54-A9529B787001}.Release|iPhone.Build.0 = Release|Any CPU
		{A55463BE-78C5-4201-BB54-A9529B787001}.Release|iPhoneSimulator.ActiveCfg = Release|Any CPU
		{A55463BE-78C5-4201-BB54-A9529B787001}.Release|iPhoneSimulator.Build.0 = Release|Any CPU
		{A55463BE-78C5-4201-BB54-A9529B787001}.Release|x64.ActiveCfg = Release|x64
		{A55463BE-78C5-4201-BB54-A9529B787001}.Release|x64.Build.0 = Release|x64
		{A55463BE-78C5-4201-BB54-A9529B787001}.Release|x86.ActiveCfg = Release|x86
		{A55463BE-78C5-4201-BB54-A9529B787001}.Release|x86.Build.0 = Release|x86
		{82FC5C3B-939E-45A2-A2C4-3CB878EA96F7}.Debug|Any CPU.ActiveCfg = Debug|Any CPU
		{82FC5C3B-939E-45A2-A2C4-3CB878EA96F7}.Debug|Any CPU.Build.0 = Debug|Any CPU
		{82FC5C3B-939E-45A2-A2C4-3CB878EA96F7}.Debug|iPhone.ActiveCfg = Debug|Any CPU
		{82FC5C3B-939E-45A2-A2C4-3CB878EA96F7}.Debug|iPhone.Build.0 = Debug|Any CPU
		{82FC5C3B-939E-45A2-A2C4-3CB878EA96F7}.Debug|iPhoneSimulator.ActiveCfg = Debug|Any CPU
		{82FC5C3B-939E-45A2-A2C4-3CB878EA96F7}.Debug|iPhoneSimulator.Build.0 = Debug|Any CPU
		{82FC5C3B-939E-45A2-A2C4-3CB878EA96F7}.Debug|x64.ActiveCfg = Debug|x64
		{82FC5C3B-939E-45A2-A2C4-3CB878EA96F7}.Debug|x64.Build.0 = Debug|x64
		{82FC5C3B-939E-45A2-A2C4-3CB878EA96F7}.Debug|x86.ActiveCfg = Debug|x86
		{82FC5C3B-939E-45A2-A2C4-3CB878EA96F7}.Debug|x86.Build.0 = Debug|x86
		{82FC5C3B-939E-45A2-A2C4-3CB878EA96F7}.Release|Any CPU.ActiveCfg = Release|Any CPU
		{82FC5C3B-939E-45A2-A2C4-3CB878EA96F7}.Release|Any CPU.Build.0 = Release|Any CPU
		{82FC5C3B-939E-45A2-A2C4-3CB878EA96F7}.Release|iPhone.ActiveCfg = Release|Any CPU
		{82FC5C3B-939E-45A2-A2C4-3CB878EA96F7}.Release|iPhone.Build.0 = Release|Any CPU
		{82FC5C3B-939E-45A2-A2C4-3CB878EA96F7}.Release|iPhoneSimulator.ActiveCfg = Release|Any CPU
		{82FC5C3B-939E-45A2-A2C4-3CB878EA96F7}.Release|iPhoneSimulator.Build.0 = Release|Any CPU
		{82FC5C3B-939E-45A2-A2C4-3CB878EA96F7}.Release|x64.ActiveCfg = Release|x64
		{82FC5C3B-939E-45A2-A2C4-3CB878EA96F7}.Release|x64.Build.0 = Release|x64
		{82FC5C3B-939E-45A2-A2C4-3CB878EA96F7}.Release|x86.ActiveCfg = Release|x86
		{82FC5C3B-939E-45A2-A2C4-3CB878EA96F7}.Release|x86.Build.0 = Release|x86
		{50A1CD54-3F36-43ED-802E-18D251BDB99C}.Debug|Any CPU.ActiveCfg = Debug|Any CPU
		{50A1CD54-3F36-43ED-802E-18D251BDB99C}.Debug|Any CPU.Build.0 = Debug|Any CPU
		{50A1CD54-3F36-43ED-802E-18D251BDB99C}.Debug|iPhone.ActiveCfg = Debug|Any CPU
		{50A1CD54-3F36-43ED-802E-18D251BDB99C}.Debug|iPhone.Build.0 = Debug|Any CPU
		{50A1CD54-3F36-43ED-802E-18D251BDB99C}.Debug|iPhoneSimulator.ActiveCfg = Debug|Any CPU
		{50A1CD54-3F36-43ED-802E-18D251BDB99C}.Debug|iPhoneSimulator.Build.0 = Debug|Any CPU
		{50A1CD54-3F36-43ED-802E-18D251BDB99C}.Debug|x64.ActiveCfg = Debug|x64
		{50A1CD54-3F36-43ED-802E-18D251BDB99C}.Debug|x64.Build.0 = Debug|x64
		{50A1CD54-3F36-43ED-802E-18D251BDB99C}.Debug|x86.ActiveCfg = Debug|x86
		{50A1CD54-3F36-43ED-802E-18D251BDB99C}.Debug|x86.Build.0 = Debug|x86
		{50A1CD54-3F36-43ED-802E-18D251BDB99C}.Release|Any CPU.ActiveCfg = Release|Any CPU
		{50A1CD54-3F36-43ED-802E-18D251BDB99C}.Release|Any CPU.Build.0 = Release|Any CPU
		{50A1CD54-3F36-43ED-802E-18D251BDB99C}.Release|iPhone.ActiveCfg = Release|Any CPU
		{50A1CD54-3F36-43ED-802E-18D251BDB99C}.Release|iPhone.Build.0 = Release|Any CPU
		{50A1CD54-3F36-43ED-802E-18D251BDB99C}.Release|iPhoneSimulator.ActiveCfg = Release|Any CPU
		{50A1CD54-3F36-43ED-802E-18D251BDB99C}.Release|iPhoneSimulator.Build.0 = Release|Any CPU
		{50A1CD54-3F36-43ED-802E-18D251BDB99C}.Release|x64.ActiveCfg = Release|x64
		{50A1CD54-3F36-43ED-802E-18D251BDB99C}.Release|x64.Build.0 = Release|x64
		{50A1CD54-3F36-43ED-802E-18D251BDB99C}.Release|x86.ActiveCfg = Release|x86
		{50A1CD54-3F36-43ED-802E-18D251BDB99C}.Release|x86.Build.0 = Release|x86
		{38638FE2-4AE8-4A31-8AA5-04001577861B}.Debug|Any CPU.ActiveCfg = Debug|Any CPU
		{38638FE2-4AE8-4A31-8AA5-04001577861B}.Debug|Any CPU.Build.0 = Debug|Any CPU
		{38638FE2-4AE8-4A31-8AA5-04001577861B}.Debug|iPhone.ActiveCfg = Debug|Any CPU
		{38638FE2-4AE8-4A31-8AA5-04001577861B}.Debug|iPhone.Build.0 = Debug|Any CPU
		{38638FE2-4AE8-4A31-8AA5-04001577861B}.Debug|iPhoneSimulator.ActiveCfg = Debug|Any CPU
		{38638FE2-4AE8-4A31-8AA5-04001577861B}.Debug|iPhoneSimulator.Build.0 = Debug|Any CPU
		{38638FE2-4AE8-4A31-8AA5-04001577861B}.Debug|x64.ActiveCfg = Debug|x64
		{38638FE2-4AE8-4A31-8AA5-04001577861B}.Debug|x64.Build.0 = Debug|x64
		{38638FE2-4AE8-4A31-8AA5-04001577861B}.Debug|x86.ActiveCfg = Debug|x86
		{38638FE2-4AE8-4A31-8AA5-04001577861B}.Debug|x86.Build.0 = Debug|x86
		{38638FE2-4AE8-4A31-8AA5-04001577861B}.Release|Any CPU.ActiveCfg = Release|Any CPU
		{38638FE2-4AE8-4A31-8AA5-04001577861B}.Release|Any CPU.Build.0 = Release|Any CPU
		{38638FE2-4AE8-4A31-8AA5-04001577861B}.Release|iPhone.ActiveCfg = Release|Any CPU
		{38638FE2-4AE8-4A31-8AA5-04001577861B}.Release|iPhone.Build.0 = Release|Any CPU
		{38638FE2-4AE8-4A31-8AA5-04001577861B}.Release|iPhoneSimulator.ActiveCfg = Release|Any CPU
		{38638FE2-4AE8-4A31-8AA5-04001577861B}.Release|iPhoneSimulator.Build.0 = Release|Any CPU
		{38638FE2-4AE8-4A31-8AA5-04001577861B}.Release|x64.ActiveCfg = Release|x64
		{38638FE2-4AE8-4A31-8AA5-04001577861B}.Release|x64.Build.0 = Release|x64
		{38638FE2-4AE8-4A31-8AA5-04001577861B}.Release|x86.ActiveCfg = Release|x86
		{38638FE2-4AE8-4A31-8AA5-04001577861B}.Release|x86.Build.0 = Release|x86
		{321140BA-921D-473E-AAE5-9431C1D60D5A}.Debug|Any CPU.ActiveCfg = Debug|Any CPU
		{321140BA-921D-473E-AAE5-9431C1D60D5A}.Debug|Any CPU.Build.0 = Debug|Any CPU
		{321140BA-921D-473E-AAE5-9431C1D60D5A}.Debug|iPhone.ActiveCfg = Debug|Any CPU
		{321140BA-921D-473E-AAE5-9431C1D60D5A}.Debug|iPhone.Build.0 = Debug|Any CPU
		{321140BA-921D-473E-AAE5-9431C1D60D5A}.Debug|iPhoneSimulator.ActiveCfg = Debug|Any CPU
		{321140BA-921D-473E-AAE5-9431C1D60D5A}.Debug|iPhoneSimulator.Build.0 = Debug|Any CPU
		{321140BA-921D-473E-AAE5-9431C1D60D5A}.Debug|x64.ActiveCfg = Debug|x64
		{321140BA-921D-473E-AAE5-9431C1D60D5A}.Debug|x64.Build.0 = Debug|x64
		{321140BA-921D-473E-AAE5-9431C1D60D5A}.Debug|x86.ActiveCfg = Debug|x86
		{321140BA-921D-473E-AAE5-9431C1D60D5A}.Debug|x86.Build.0 = Debug|x86
		{321140BA-921D-473E-AAE5-9431C1D60D5A}.Release|Any CPU.ActiveCfg = Release|Any CPU
		{321140BA-921D-473E-AAE5-9431C1D60D5A}.Release|Any CPU.Build.0 = Release|Any CPU
		{321140BA-921D-473E-AAE5-9431C1D60D5A}.Release|iPhone.ActiveCfg = Release|Any CPU
		{321140BA-921D-473E-AAE5-9431C1D60D5A}.Release|iPhone.Build.0 = Release|Any CPU
		{321140BA-921D-473E-AAE5-9431C1D60D5A}.Release|iPhoneSimulator.ActiveCfg = Release|Any CPU
		{321140BA-921D-473E-AAE5-9431C1D60D5A}.Release|iPhoneSimulator.Build.0 = Release|Any CPU
		{321140BA-921D-473E-AAE5-9431C1D60D5A}.Release|x64.ActiveCfg = Release|x64
		{321140BA-921D-473E-AAE5-9431C1D60D5A}.Release|x64.Build.0 = Release|x64
		{321140BA-921D-473E-AAE5-9431C1D60D5A}.Release|x86.ActiveCfg = Release|x86
		{321140BA-921D-473E-AAE5-9431C1D60D5A}.Release|x86.Build.0 = Release|x86
		{CB575B9D-7794-447F-B952-5E06D9E8EC4C}.Debug|Any CPU.ActiveCfg = Debug|Any CPU
		{CB575B9D-7794-447F-B952-5E06D9E8EC4C}.Debug|Any CPU.Build.0 = Debug|Any CPU
		{CB575B9D-7794-447F-B952-5E06D9E8EC4C}.Debug|iPhone.ActiveCfg = Debug|Any CPU
		{CB575B9D-7794-447F-B952-5E06D9E8EC4C}.Debug|iPhone.Build.0 = Debug|Any CPU
		{CB575B9D-7794-447F-B952-5E06D9E8EC4C}.Debug|iPhoneSimulator.ActiveCfg = Debug|Any CPU
		{CB575B9D-7794-447F-B952-5E06D9E8EC4C}.Debug|iPhoneSimulator.Build.0 = Debug|Any CPU
		{CB575B9D-7794-447F-B952-5E06D9E8EC4C}.Debug|x64.ActiveCfg = Debug|x64
		{CB575B9D-7794-447F-B952-5E06D9E8EC4C}.Debug|x86.ActiveCfg = Debug|x86
		{CB575B9D-7794-447F-B952-5E06D9E8EC4C}.Debug|x86.Build.0 = Debug|x86
		{CB575B9D-7794-447F-B952-5E06D9E8EC4C}.Release|Any CPU.ActiveCfg = Release|Any CPU
		{CB575B9D-7794-447F-B952-5E06D9E8EC4C}.Release|Any CPU.Build.0 = Release|Any CPU
		{CB575B9D-7794-447F-B952-5E06D9E8EC4C}.Release|iPhone.ActiveCfg = Release|Any CPU
		{CB575B9D-7794-447F-B952-5E06D9E8EC4C}.Release|iPhone.Build.0 = Release|Any CPU
		{CB575B9D-7794-447F-B952-5E06D9E8EC4C}.Release|iPhoneSimulator.ActiveCfg = Release|Any CPU
		{CB575B9D-7794-447F-B952-5E06D9E8EC4C}.Release|iPhoneSimulator.Build.0 = Release|Any CPU
		{CB575B9D-7794-447F-B952-5E06D9E8EC4C}.Release|x64.ActiveCfg = Release|x64
		{CB575B9D-7794-447F-B952-5E06D9E8EC4C}.Release|x64.Build.0 = Release|x64
		{CB575B9D-7794-447F-B952-5E06D9E8EC4C}.Release|x86.ActiveCfg = Release|x86
		{CB575B9D-7794-447F-B952-5E06D9E8EC4C}.Release|x86.Build.0 = Release|x86
		{6876E81F-3FC6-4C1C-9180-6BE9C0A82C31}.Debug|Any CPU.ActiveCfg = Debug|Any CPU
		{6876E81F-3FC6-4C1C-9180-6BE9C0A82C31}.Debug|Any CPU.Build.0 = Debug|Any CPU
		{6876E81F-3FC6-4C1C-9180-6BE9C0A82C31}.Debug|iPhone.ActiveCfg = Debug|Any CPU
		{6876E81F-3FC6-4C1C-9180-6BE9C0A82C31}.Debug|iPhone.Build.0 = Debug|Any CPU
		{6876E81F-3FC6-4C1C-9180-6BE9C0A82C31}.Debug|iPhoneSimulator.ActiveCfg = Debug|Any CPU
		{6876E81F-3FC6-4C1C-9180-6BE9C0A82C31}.Debug|iPhoneSimulator.Build.0 = Debug|Any CPU
		{6876E81F-3FC6-4C1C-9180-6BE9C0A82C31}.Debug|x64.ActiveCfg = Debug|x64
		{6876E81F-3FC6-4C1C-9180-6BE9C0A82C31}.Debug|x64.Build.0 = Debug|x64
		{6876E81F-3FC6-4C1C-9180-6BE9C0A82C31}.Debug|x86.ActiveCfg = Debug|x86
		{6876E81F-3FC6-4C1C-9180-6BE9C0A82C31}.Debug|x86.Build.0 = Debug|x86
		{6876E81F-3FC6-4C1C-9180-6BE9C0A82C31}.Release|Any CPU.ActiveCfg = Release|Any CPU
		{6876E81F-3FC6-4C1C-9180-6BE9C0A82C31}.Release|Any CPU.Build.0 = Release|Any CPU
		{6876E81F-3FC6-4C1C-9180-6BE9C0A82C31}.Release|iPhone.ActiveCfg = Release|Any CPU
		{6876E81F-3FC6-4C1C-9180-6BE9C0A82C31}.Release|iPhone.Build.0 = Release|Any CPU
		{6876E81F-3FC6-4C1C-9180-6BE9C0A82C31}.Release|iPhoneSimulator.ActiveCfg = Release|Any CPU
		{6876E81F-3FC6-4C1C-9180-6BE9C0A82C31}.Release|iPhoneSimulator.Build.0 = Release|Any CPU
		{6876E81F-3FC6-4C1C-9180-6BE9C0A82C31}.Release|x64.ActiveCfg = Release|x64
		{6876E81F-3FC6-4C1C-9180-6BE9C0A82C31}.Release|x64.Build.0 = Release|x64
		{6876E81F-3FC6-4C1C-9180-6BE9C0A82C31}.Release|x86.ActiveCfg = Release|x86
		{6876E81F-3FC6-4C1C-9180-6BE9C0A82C31}.Release|x86.Build.0 = Release|x86
		{5DBA2413-11D7-4E4C-A05D-D8A626AFCEC6}.Debug|Any CPU.ActiveCfg = Debug|Any CPU
		{5DBA2413-11D7-4E4C-A05D-D8A626AFCEC6}.Debug|Any CPU.Build.0 = Debug|Any CPU
		{5DBA2413-11D7-4E4C-A05D-D8A626AFCEC6}.Debug|Any CPU.Deploy.0 = Debug|Any CPU
		{5DBA2413-11D7-4E4C-A05D-D8A626AFCEC6}.Debug|iPhone.ActiveCfg = Debug|Any CPU
		{5DBA2413-11D7-4E4C-A05D-D8A626AFCEC6}.Debug|iPhone.Build.0 = Debug|Any CPU
		{5DBA2413-11D7-4E4C-A05D-D8A626AFCEC6}.Debug|iPhone.Deploy.0 = Debug|Any CPU
		{5DBA2413-11D7-4E4C-A05D-D8A626AFCEC6}.Debug|iPhoneSimulator.ActiveCfg = Debug|Any CPU
		{5DBA2413-11D7-4E4C-A05D-D8A626AFCEC6}.Debug|iPhoneSimulator.Build.0 = Debug|Any CPU
		{5DBA2413-11D7-4E4C-A05D-D8A626AFCEC6}.Debug|iPhoneSimulator.Deploy.0 = Debug|Any CPU
		{5DBA2413-11D7-4E4C-A05D-D8A626AFCEC6}.Debug|x64.ActiveCfg = Debug|Any CPU
		{5DBA2413-11D7-4E4C-A05D-D8A626AFCEC6}.Debug|x64.Build.0 = Debug|Any CPU
		{5DBA2413-11D7-4E4C-A05D-D8A626AFCEC6}.Debug|x64.Deploy.0 = Debug|Any CPU
		{5DBA2413-11D7-4E4C-A05D-D8A626AFCEC6}.Debug|x86.ActiveCfg = Debug|Any CPU
		{5DBA2413-11D7-4E4C-A05D-D8A626AFCEC6}.Debug|x86.Build.0 = Debug|Any CPU
		{5DBA2413-11D7-4E4C-A05D-D8A626AFCEC6}.Debug|x86.Deploy.0 = Debug|Any CPU
		{5DBA2413-11D7-4E4C-A05D-D8A626AFCEC6}.Release|Any CPU.ActiveCfg = Release|Any CPU
		{5DBA2413-11D7-4E4C-A05D-D8A626AFCEC6}.Release|Any CPU.Build.0 = Release|Any CPU
		{5DBA2413-11D7-4E4C-A05D-D8A626AFCEC6}.Release|Any CPU.Deploy.0 = Release|Any CPU
		{5DBA2413-11D7-4E4C-A05D-D8A626AFCEC6}.Release|iPhone.ActiveCfg = Release|Any CPU
		{5DBA2413-11D7-4E4C-A05D-D8A626AFCEC6}.Release|iPhone.Build.0 = Release|Any CPU
		{5DBA2413-11D7-4E4C-A05D-D8A626AFCEC6}.Release|iPhone.Deploy.0 = Release|Any CPU
		{5DBA2413-11D7-4E4C-A05D-D8A626AFCEC6}.Release|iPhoneSimulator.ActiveCfg = Release|Any CPU
		{5DBA2413-11D7-4E4C-A05D-D8A626AFCEC6}.Release|iPhoneSimulator.Build.0 = Release|Any CPU
		{5DBA2413-11D7-4E4C-A05D-D8A626AFCEC6}.Release|iPhoneSimulator.Deploy.0 = Release|Any CPU
		{5DBA2413-11D7-4E4C-A05D-D8A626AFCEC6}.Release|x64.ActiveCfg = Release|Any CPU
		{5DBA2413-11D7-4E4C-A05D-D8A626AFCEC6}.Release|x64.Build.0 = Release|Any CPU
		{5DBA2413-11D7-4E4C-A05D-D8A626AFCEC6}.Release|x64.Deploy.0 = Release|Any CPU
		{5DBA2413-11D7-4E4C-A05D-D8A626AFCEC6}.Release|x86.ActiveCfg = Release|Any CPU
		{5DBA2413-11D7-4E4C-A05D-D8A626AFCEC6}.Release|x86.Build.0 = Release|Any CPU
		{5DBA2413-11D7-4E4C-A05D-D8A626AFCEC6}.Release|x86.Deploy.0 = Release|Any CPU
		{26735BB9-A019-4012-ADE6-6EF55DEE1838}.Debug|Any CPU.ActiveCfg = Debug|iPhoneSimulator
		{26735BB9-A019-4012-ADE6-6EF55DEE1838}.Debug|iPhone.ActiveCfg = Debug|iPhone
		{26735BB9-A019-4012-ADE6-6EF55DEE1838}.Debug|iPhone.Build.0 = Debug|iPhone
		{26735BB9-A019-4012-ADE6-6EF55DEE1838}.Debug|iPhoneSimulator.ActiveCfg = Debug|iPhoneSimulator
		{26735BB9-A019-4012-ADE6-6EF55DEE1838}.Debug|iPhoneSimulator.Build.0 = Debug|iPhoneSimulator
		{26735BB9-A019-4012-ADE6-6EF55DEE1838}.Debug|x64.ActiveCfg = Debug|iPhone
		{26735BB9-A019-4012-ADE6-6EF55DEE1838}.Debug|x86.ActiveCfg = Debug|iPhoneSimulator
		{26735BB9-A019-4012-ADE6-6EF55DEE1838}.Release|Any CPU.ActiveCfg = Release|iPhoneSimulator
		{26735BB9-A019-4012-ADE6-6EF55DEE1838}.Release|iPhone.ActiveCfg = Release|iPhone
		{26735BB9-A019-4012-ADE6-6EF55DEE1838}.Release|iPhone.Build.0 = Release|iPhone
		{26735BB9-A019-4012-ADE6-6EF55DEE1838}.Release|iPhoneSimulator.ActiveCfg = Release|iPhoneSimulator
		{26735BB9-A019-4012-ADE6-6EF55DEE1838}.Release|iPhoneSimulator.Build.0 = Release|iPhoneSimulator
		{26735BB9-A019-4012-ADE6-6EF55DEE1838}.Release|x64.ActiveCfg = Release|iPhone
		{26735BB9-A019-4012-ADE6-6EF55DEE1838}.Release|x86.ActiveCfg = Release|iPhoneSimulator
		{77B560C2-FA84-4B4F-BBA5-FD45C60D8680}.Debug|Any CPU.ActiveCfg = Debug|Any CPU
		{77B560C2-FA84-4B4F-BBA5-FD45C60D8680}.Debug|Any CPU.Build.0 = Debug|Any CPU
		{77B560C2-FA84-4B4F-BBA5-FD45C60D8680}.Debug|iPhone.ActiveCfg = Debug|Any CPU
		{77B560C2-FA84-4B4F-BBA5-FD45C60D8680}.Debug|iPhone.Build.0 = Debug|Any CPU
		{77B560C2-FA84-4B4F-BBA5-FD45C60D8680}.Debug|iPhoneSimulator.ActiveCfg = Debug|Any CPU
		{77B560C2-FA84-4B4F-BBA5-FD45C60D8680}.Debug|iPhoneSimulator.Build.0 = Debug|Any CPU
		{77B560C2-FA84-4B4F-BBA5-FD45C60D8680}.Debug|x64.ActiveCfg = Debug|Any CPU
		{77B560C2-FA84-4B4F-BBA5-FD45C60D8680}.Debug|x64.Build.0 = Debug|Any CPU
		{77B560C2-FA84-4B4F-BBA5-FD45C60D8680}.Debug|x86.ActiveCfg = Debug|Any CPU
		{77B560C2-FA84-4B4F-BBA5-FD45C60D8680}.Debug|x86.Build.0 = Debug|Any CPU
		{77B560C2-FA84-4B4F-BBA5-FD45C60D8680}.Release|Any CPU.ActiveCfg = Release|Any CPU
		{77B560C2-FA84-4B4F-BBA5-FD45C60D8680}.Release|Any CPU.Build.0 = Release|Any CPU
		{77B560C2-FA84-4B4F-BBA5-FD45C60D8680}.Release|iPhone.ActiveCfg = Release|Any CPU
		{77B560C2-FA84-4B4F-BBA5-FD45C60D8680}.Release|iPhone.Build.0 = Release|Any CPU
		{77B560C2-FA84-4B4F-BBA5-FD45C60D8680}.Release|iPhoneSimulator.ActiveCfg = Release|Any CPU
		{77B560C2-FA84-4B4F-BBA5-FD45C60D8680}.Release|iPhoneSimulator.Build.0 = Release|Any CPU
		{77B560C2-FA84-4B4F-BBA5-FD45C60D8680}.Release|x64.ActiveCfg = Release|Any CPU
		{77B560C2-FA84-4B4F-BBA5-FD45C60D8680}.Release|x64.Build.0 = Release|Any CPU
		{77B560C2-FA84-4B4F-BBA5-FD45C60D8680}.Release|x86.ActiveCfg = Release|Any CPU
		{77B560C2-FA84-4B4F-BBA5-FD45C60D8680}.Release|x86.Build.0 = Release|Any CPU
		{3B2A3391-E5E0-407B-8E82-86425E47E8B5}.Debug|Any CPU.ActiveCfg = Debug|Win32
		{3B2A3391-E5E0-407B-8E82-86425E47E8B5}.Debug|iPhone.ActiveCfg = Debug|Win32
		{3B2A3391-E5E0-407B-8E82-86425E47E8B5}.Debug|iPhoneSimulator.ActiveCfg = Debug|Win32
		{3B2A3391-E5E0-407B-8E82-86425E47E8B5}.Debug|x64.ActiveCfg = Debug|x64
		{3B2A3391-E5E0-407B-8E82-86425E47E8B5}.Debug|x64.Build.0 = Debug|x64
		{3B2A3391-E5E0-407B-8E82-86425E47E8B5}.Debug|x86.ActiveCfg = Debug|Win32
		{3B2A3391-E5E0-407B-8E82-86425E47E8B5}.Debug|x86.Build.0 = Debug|Win32
		{3B2A3391-E5E0-407B-8E82-86425E47E8B5}.Release|Any CPU.ActiveCfg = Release|Win32
		{3B2A3391-E5E0-407B-8E82-86425E47E8B5}.Release|iPhone.ActiveCfg = Release|Win32
		{3B2A3391-E5E0-407B-8E82-86425E47E8B5}.Release|iPhoneSimulator.ActiveCfg = Release|Win32
		{3B2A3391-E5E0-407B-8E82-86425E47E8B5}.Release|x64.ActiveCfg = Release|x64
		{3B2A3391-E5E0-407B-8E82-86425E47E8B5}.Release|x64.Build.0 = Release|x64
		{3B2A3391-E5E0-407B-8E82-86425E47E8B5}.Release|x86.ActiveCfg = Release|Win32
		{3B2A3391-E5E0-407B-8E82-86425E47E8B5}.Release|x86.Build.0 = Release|Win32
		{8F3E2A53-D445-4CCA-8850-0083CD016B11}.Debug|Any CPU.ActiveCfg = Debug|Any CPU
		{8F3E2A53-D445-4CCA-8850-0083CD016B11}.Debug|Any CPU.Build.0 = Debug|Any CPU
		{8F3E2A53-D445-4CCA-8850-0083CD016B11}.Debug|iPhone.ActiveCfg = Debug|Any CPU
		{8F3E2A53-D445-4CCA-8850-0083CD016B11}.Debug|iPhone.Build.0 = Debug|Any CPU
		{8F3E2A53-D445-4CCA-8850-0083CD016B11}.Debug|iPhoneSimulator.ActiveCfg = Debug|Any CPU
		{8F3E2A53-D445-4CCA-8850-0083CD016B11}.Debug|iPhoneSimulator.Build.0 = Debug|Any CPU
		{8F3E2A53-D445-4CCA-8850-0083CD016B11}.Debug|x64.ActiveCfg = Debug|Any CPU
		{8F3E2A53-D445-4CCA-8850-0083CD016B11}.Debug|x64.Build.0 = Debug|Any CPU
		{8F3E2A53-D445-4CCA-8850-0083CD016B11}.Debug|x86.ActiveCfg = Debug|Any CPU
		{8F3E2A53-D445-4CCA-8850-0083CD016B11}.Debug|x86.Build.0 = Debug|Any CPU
		{8F3E2A53-D445-4CCA-8850-0083CD016B11}.Release|Any CPU.ActiveCfg = Release|Any CPU
		{8F3E2A53-D445-4CCA-8850-0083CD016B11}.Release|Any CPU.Build.0 = Release|Any CPU
		{8F3E2A53-D445-4CCA-8850-0083CD016B11}.Release|iPhone.ActiveCfg = Release|Any CPU
		{8F3E2A53-D445-4CCA-8850-0083CD016B11}.Release|iPhone.Build.0 = Release|Any CPU
		{8F3E2A53-D445-4CCA-8850-0083CD016B11}.Release|iPhoneSimulator.ActiveCfg = Release|Any CPU
		{8F3E2A53-D445-4CCA-8850-0083CD016B11}.Release|iPhoneSimulator.Build.0 = Release|Any CPU
		{8F3E2A53-D445-4CCA-8850-0083CD016B11}.Release|x64.ActiveCfg = Release|Any CPU
		{8F3E2A53-D445-4CCA-8850-0083CD016B11}.Release|x64.Build.0 = Release|Any CPU
		{8F3E2A53-D445-4CCA-8850-0083CD016B11}.Release|x86.ActiveCfg = Release|Any CPU
		{8F3E2A53-D445-4CCA-8850-0083CD016B11}.Release|x86.Build.0 = Release|Any CPU
	EndGlobalSection
	GlobalSection(SolutionProperties) = preSolution
		HideSolutionNode = FALSE
	EndGlobalSection
	GlobalSection(ExtensibilityGlobals) = postSolution
		SolutionGuid = {00FF1B65-4E1F-4425-9BC4-4FFAE6EA0D7C}
	EndGlobalSection
EndGlobal
